
Microsoft Visual Studio Solution File, Format Version 12.00
# Visual Studio Version 17
VisualStudioVersion = 17.6.33815.320
MinimumVisualStudioVersion = 10.0.40219.1
Project("{F2A71F9B-5D33-465A-A702-920D77279786}") = "PriorityQueue", "PriorityQueue\PriorityQueue.fsproj", "{530A6AB7-B34B-4DCB-8A71-DF5A4A64F176}"
EndProject
Project("{F2A71F9B-5D33-465A-A702-920D77279786}") = "PriorityQueueTest", "PriorityQueueTest\PriorityQueueTest.fsproj", "{34DC64E1-A12E-4289-B597-7D89B376AE49}"
EndProject
Global
	GlobalSection(SolutionConfigurationPlatforms) = preSolution
		Debug|Any CPU = Debug|Any CPU
		Release|Any CPU = Release|Any CPU
	EndGlobalSection
	GlobalSection(ProjectConfigurationPlatforms) = postSolution
		{530A6AB7-B34B-4DCB-8A71-DF5A4A64F176}.Debug|Any CPU.ActiveCfg = Debug|Any CPU
		{530A6AB7-B34B-4DCB-8A71-DF5A4A64F176}.Debug|Any CPU.Build.0 = Debug|Any CPU
		{530A6AB7-B34B-4DCB-8A71-DF5A4A64F176}.Release|Any CPU.ActiveCfg = Release|Any CPU
		{530A6AB7-B34B-4DCB-8A71-DF5A4A64F176}.Release|Any CPU.Build.0 = Release|Any CPU
		{34DC64E1-A12E-4289-B597-7D89B376AE49}.Debug|Any CPU.ActiveCfg = Debug|Any CPU
		{34DC64E1-A12E-4289-B597-7D89B376AE49}.Debug|Any CPU.Build.0 = Debug|Any CPU
		{34DC64E1-A12E-4289-B597-7D89B376AE49}.Release|Any CPU.ActiveCfg = Release|Any CPU
		{34DC64E1-A12E-4289-B597-7D89B376AE49}.Release|Any CPU.Build.0 = Release|Any CPU
	EndGlobalSection
	GlobalSection(SolutionProperties) = preSolution
		HideSolutionNode = FALSE
	EndGlobalSection
	GlobalSection(ExtensibilityGlobals) = postSolution
		SolutionGuid = {1997FC56-FDE2-42B9-A3F5-F446B955792C}
	EndGlobalSection
EndGlobal
